// !$*UTF8*$!
{
	archiveVersion = 1;
	classes = {
	};
	objectVersion = 56;
	objects = {

/* Begin PBXBuildFile section */
		1997A83D2913C2A5004CB986 /* AppDelegate.swift in Sources */ = {isa = PBXBuildFile; fileRef = 1997A83C2913C2A5004CB986 /* AppDelegate.swift */; };
		1997A83F2913C2A5004CB986 /* SceneDelegate.swift in Sources */ = {isa = PBXBuildFile; fileRef = 1997A83E2913C2A5004CB986 /* SceneDelegate.swift */; };
		1997A8412913C2A5004CB986 /* ViewController.swift in Sources */ = {isa = PBXBuildFile; fileRef = 1997A8402913C2A5004CB986 /* ViewController.swift */; };
		1997A8442913C2A5004CB986 /* Main.storyboard in Resources */ = {isa = PBXBuildFile; fileRef = 1997A8422913C2A5004CB986 /* Main.storyboard */; };
		1997A8462913C2A7004CB986 /* Assets.xcassets in Resources */ = {isa = PBXBuildFile; fileRef = 1997A8452913C2A7004CB986 /* Assets.xcassets */; };
		1997A8492913C2A7004CB986 /* LaunchScreen.storyboard in Resources */ = {isa = PBXBuildFile; fileRef = 1997A8472913C2A7004CB986 /* LaunchScreen.storyboard */; };
		1997A8542913C2A7004CB986 /* ci_cd_ios_testTests.swift in Sources */ = {isa = PBXBuildFile; fileRef = 1997A8532913C2A7004CB986 /* ci_cd_ios_testTests.swift */; };
		1997A85E2913C2A7004CB986 /* ci_cd_ios_testUITests.swift in Sources */ = {isa = PBXBuildFile; fileRef = 1997A85D2913C2A7004CB986 /* ci_cd_ios_testUITests.swift */; };
		1997A8602913C2A7004CB986 /* ci_cd_ios_testUITestsLaunchTests.swift in Sources */ = {isa = PBXBuildFile; fileRef = 1997A85F2913C2A7004CB986 /* ci_cd_ios_testUITestsLaunchTests.swift */; };
		424C85638FF1BE46AB6567E8 /* Pods_ci_cd_ios_testTests.framework in Frameworks */ = {isa = PBXBuildFile; fileRef = E6C13CCDB31609AF5DF40C0B /* Pods_ci_cd_ios_testTests.framework */; };
		DCA50C888D55B64230723FFA /* Pods_ci_cd_ios_test.framework in Frameworks */ = {isa = PBXBuildFile; fileRef = BB49B5E1107641827CF7AE40 /* Pods_ci_cd_ios_test.framework */; };
		EAE221B392B64538611CA573 /* Pods_ci_cd_ios_test_ci_cd_ios_testUITests.framework in Frameworks */ = {isa = PBXBuildFile; fileRef = C51108CE864C9E64EEF4AF90 /* Pods_ci_cd_ios_test_ci_cd_ios_testUITests.framework */; };
/* End PBXBuildFile section */

/* Begin PBXContainerItemProxy section */
		1997A8502913C2A7004CB986 /* PBXContainerItemProxy */ = {
			isa = PBXContainerItemProxy;
			containerPortal = 1997A8312913C2A5004CB986 /* Project object */;
			proxyType = 1;
			remoteGlobalIDString = 1997A8382913C2A5004CB986;
			remoteInfo = "ci-cd-ios-test";
		};
		1997A85A2913C2A7004CB986 /* PBXContainerItemProxy */ = {
			isa = PBXContainerItemProxy;
			containerPortal = 1997A8312913C2A5004CB986 /* Project object */;
			proxyType = 1;
			remoteGlobalIDString = 1997A8382913C2A5004CB986;
			remoteInfo = "ci-cd-ios-test";
		};
/* End PBXContainerItemProxy section */

/* Begin PBXFileReference section */
		1997A8392913C2A5004CB986 /* ci-cd-ios-test.app */ = {isa = PBXFileReference; explicitFileType = wrapper.application; includeInIndex = 0; path = "ci-cd-ios-test.app"; sourceTree = BUILT_PRODUCTS_DIR; };
		1997A83C2913C2A5004CB986 /* AppDelegate.swift */ = {isa = PBXFileReference; lastKnownFileType = sourcecode.swift; path = AppDelegate.swift; sourceTree = "<group>"; };
		1997A83E2913C2A5004CB986 /* SceneDelegate.swift */ = {isa = PBXFileReference; lastKnownFileType = sourcecode.swift; path = SceneDelegate.swift; sourceTree = "<group>"; };
		1997A8402913C2A5004CB986 /* ViewController.swift */ = {isa = PBXFileReference; lastKnownFileType = sourcecode.swift; path = ViewController.swift; sourceTree = "<group>"; };
		1997A8432913C2A5004CB986 /* Base */ = {isa = PBXFileReference; lastKnownFileType = file.storyboard; name = Base; path = Base.lproj/Main.storyboard; sourceTree = "<group>"; };
		1997A8452913C2A7004CB986 /* Assets.xcassets */ = {isa = PBXFileReference; lastKnownFileType = folder.assetcatalog; path = Assets.xcassets; sourceTree = "<group>"; };
		1997A8482913C2A7004CB986 /* Base */ = {isa = PBXFileReference; lastKnownFileType = file.storyboard; name = Base; path = Base.lproj/LaunchScreen.storyboard; sourceTree = "<group>"; };
		1997A84A2913C2A7004CB986 /* Info.plist */ = {isa = PBXFileReference; lastKnownFileType = text.plist.xml; path = Info.plist; sourceTree = "<group>"; };
		1997A84F2913C2A7004CB986 /* ci-cd-ios-testTests.xctest */ = {isa = PBXFileReference; explicitFileType = wrapper.cfbundle; includeInIndex = 0; path = "ci-cd-ios-testTests.xctest"; sourceTree = BUILT_PRODUCTS_DIR; };
		1997A8532913C2A7004CB986 /* ci_cd_ios_testTests.swift */ = {isa = PBXFileReference; lastKnownFileType = sourcecode.swift; path = ci_cd_ios_testTests.swift; sourceTree = "<group>"; };
		1997A8592913C2A7004CB986 /* ci-cd-ios-testUITests.xctest */ = {isa = PBXFileReference; explicitFileType = wrapper.cfbundle; includeInIndex = 0; path = "ci-cd-ios-testUITests.xctest"; sourceTree = BUILT_PRODUCTS_DIR; };
		1997A85D2913C2A7004CB986 /* ci_cd_ios_testUITests.swift */ = {isa = PBXFileReference; lastKnownFileType = sourcecode.swift; path = ci_cd_ios_testUITests.swift; sourceTree = "<group>"; };
		1997A85F2913C2A7004CB986 /* ci_cd_ios_testUITestsLaunchTests.swift */ = {isa = PBXFileReference; lastKnownFileType = sourcecode.swift; path = ci_cd_ios_testUITestsLaunchTests.swift; sourceTree = "<group>"; };
		2A858BA8CA42EA7614D9CB3D /* Pods-ci-cd-ios-test-ci-cd-ios-testUITests.debug.xcconfig */ = {isa = PBXFileReference; includeInIndex = 1; lastKnownFileType = text.xcconfig; name = "Pods-ci-cd-ios-test-ci-cd-ios-testUITests.debug.xcconfig"; path = "Target Support Files/Pods-ci-cd-ios-test-ci-cd-ios-testUITests/Pods-ci-cd-ios-test-ci-cd-ios-testUITests.debug.xcconfig"; sourceTree = "<group>"; };
		3635F748356700BFC2AC15EE /* Pods-ci-cd-ios-test-ci-cd-ios-testUITests.release.xcconfig */ = {isa = PBXFileReference; includeInIndex = 1; lastKnownFileType = text.xcconfig; name = "Pods-ci-cd-ios-test-ci-cd-ios-testUITests.release.xcconfig"; path = "Target Support Files/Pods-ci-cd-ios-test-ci-cd-ios-testUITests/Pods-ci-cd-ios-test-ci-cd-ios-testUITests.release.xcconfig"; sourceTree = "<group>"; };
		97A50E866865908775608643 /* Pods-ci-cd-ios-test.debug.xcconfig */ = {isa = PBXFileReference; includeInIndex = 1; lastKnownFileType = text.xcconfig; name = "Pods-ci-cd-ios-test.debug.xcconfig"; path = "Target Support Files/Pods-ci-cd-ios-test/Pods-ci-cd-ios-test.debug.xcconfig"; sourceTree = "<group>"; };
		ACBA418E8D024619AE41052A /* Pods-ci-cd-ios-test.release.xcconfig */ = {isa = PBXFileReference; includeInIndex = 1; lastKnownFileType = text.xcconfig; name = "Pods-ci-cd-ios-test.release.xcconfig"; path = "Target Support Files/Pods-ci-cd-ios-test/Pods-ci-cd-ios-test.release.xcconfig"; sourceTree = "<group>"; };
		BB49B5E1107641827CF7AE40 /* Pods_ci_cd_ios_test.framework */ = {isa = PBXFileReference; explicitFileType = wrapper.framework; includeInIndex = 0; path = Pods_ci_cd_ios_test.framework; sourceTree = BUILT_PRODUCTS_DIR; };
		BC0F1612AEE7F39893D3EE4E /* Pods-ci-cd-ios-testTests.debug.xcconfig */ = {isa = PBXFileReference; includeInIndex = 1; lastKnownFileType = text.xcconfig; name = "Pods-ci-cd-ios-testTests.debug.xcconfig"; path = "Target Support Files/Pods-ci-cd-ios-testTests/Pods-ci-cd-ios-testTests.debug.xcconfig"; sourceTree = "<group>"; };
		C51108CE864C9E64EEF4AF90 /* Pods_ci_cd_ios_test_ci_cd_ios_testUITests.framework */ = {isa = PBXFileReference; explicitFileType = wrapper.framework; includeInIndex = 0; path = Pods_ci_cd_ios_test_ci_cd_ios_testUITests.framework; sourceTree = BUILT_PRODUCTS_DIR; };
		C568F9F26218BDC7F766FAEB /* Pods-ci-cd-ios-testTests.release.xcconfig */ = {isa = PBXFileReference; includeInIndex = 1; lastKnownFileType = text.xcconfig; name = "Pods-ci-cd-ios-testTests.release.xcconfig"; path = "Target Support Files/Pods-ci-cd-ios-testTests/Pods-ci-cd-ios-testTests.release.xcconfig"; sourceTree = "<group>"; };
		E6C13CCDB31609AF5DF40C0B /* Pods_ci_cd_ios_testTests.framework */ = {isa = PBXFileReference; explicitFileType = wrapper.framework; includeInIndex = 0; path = Pods_ci_cd_ios_testTests.framework; sourceTree = BUILT_PRODUCTS_DIR; };
/* End PBXFileReference section */

/* Begin PBXFrameworksBuildPhase section */
		1997A8362913C2A5004CB986 /* Frameworks */ = {
			isa = PBXFrameworksBuildPhase;
			buildActionMask = 2147483647;
			files = (
				DCA50C888D55B64230723FFA /* Pods_ci_cd_ios_test.framework in Frameworks */,
			);
			runOnlyForDeploymentPostprocessing = 0;
		};
		1997A84C2913C2A7004CB986 /* Frameworks */ = {
			isa = PBXFrameworksBuildPhase;
			buildActionMask = 2147483647;
			files = (
				424C85638FF1BE46AB6567E8 /* Pods_ci_cd_ios_testTests.framework in Frameworks */,
			);
			runOnlyForDeploymentPostprocessing = 0;
		};
		1997A8562913C2A7004CB986 /* Frameworks */ = {
			isa = PBXFrameworksBuildPhase;
			buildActionMask = 2147483647;
			files = (
				EAE221B392B64538611CA573 /* Pods_ci_cd_ios_test_ci_cd_ios_testUITests.framework in Frameworks */,
			);
			runOnlyForDeploymentPostprocessing = 0;
		};
/* End PBXFrameworksBuildPhase section */

/* Begin PBXGroup section */
		1997A8302913C2A5004CB986 = {
			isa = PBXGroup;
			children = (
				1997A83B2913C2A5004CB986 /* ci-cd-ios-test */,
				1997A8522913C2A7004CB986 /* ci-cd-ios-testTests */,
				1997A85C2913C2A7004CB986 /* ci-cd-ios-testUITests */,
				1997A83A2913C2A5004CB986 /* Products */,
				2105314467B09D5D9428BF86 /* Pods */,
				57C870E29BC18214D85BFB65 /* Frameworks */,
			);
			sourceTree = "<group>";
		};
		1997A83A2913C2A5004CB986 /* Products */ = {
			isa = PBXGroup;
			children = (
				1997A8392913C2A5004CB986 /* ci-cd-ios-test.app */,
				1997A84F2913C2A7004CB986 /* ci-cd-ios-testTests.xctest */,
				1997A8592913C2A7004CB986 /* ci-cd-ios-testUITests.xctest */,
			);
			name = Products;
			sourceTree = "<group>";
		};
		1997A83B2913C2A5004CB986 /* ci-cd-ios-test */ = {
			isa = PBXGroup;
			children = (
				1997A83C2913C2A5004CB986 /* AppDelegate.swift */,
				1997A83E2913C2A5004CB986 /* SceneDelegate.swift */,
				1997A8402913C2A5004CB986 /* ViewController.swift */,
				1997A8422913C2A5004CB986 /* Main.storyboard */,
				1997A8452913C2A7004CB986 /* Assets.xcassets */,
				1997A8472913C2A7004CB986 /* LaunchScreen.storyboard */,
				1997A84A2913C2A7004CB986 /* Info.plist */,
			);
			path = "ci-cd-ios-test";
			sourceTree = "<group>";
		};
		1997A8522913C2A7004CB986 /* ci-cd-ios-testTests */ = {
			isa = PBXGroup;
			children = (
				1997A8532913C2A7004CB986 /* ci_cd_ios_testTests.swift */,
			);
			path = "ci-cd-ios-testTests";
			sourceTree = "<group>";
		};
		1997A85C2913C2A7004CB986 /* ci-cd-ios-testUITests */ = {
			isa = PBXGroup;
			children = (
				1997A85D2913C2A7004CB986 /* ci_cd_ios_testUITests.swift */,
				1997A85F2913C2A7004CB986 /* ci_cd_ios_testUITestsLaunchTests.swift */,
			);
			path = "ci-cd-ios-testUITests";
			sourceTree = "<group>";
		};
		2105314467B09D5D9428BF86 /* Pods */ = {
			isa = PBXGroup;
			children = (
				97A50E866865908775608643 /* Pods-ci-cd-ios-test.debug.xcconfig */,
				ACBA418E8D024619AE41052A /* Pods-ci-cd-ios-test.release.xcconfig */,
				2A858BA8CA42EA7614D9CB3D /* Pods-ci-cd-ios-test-ci-cd-ios-testUITests.debug.xcconfig */,
				3635F748356700BFC2AC15EE /* Pods-ci-cd-ios-test-ci-cd-ios-testUITests.release.xcconfig */,
				BC0F1612AEE7F39893D3EE4E /* Pods-ci-cd-ios-testTests.debug.xcconfig */,
				C568F9F26218BDC7F766FAEB /* Pods-ci-cd-ios-testTests.release.xcconfig */,
			);
			name = Pods;
			path = Pods;
			sourceTree = "<group>";
		};
		57C870E29BC18214D85BFB65 /* Frameworks */ = {
			isa = PBXGroup;
			children = (
				BB49B5E1107641827CF7AE40 /* Pods_ci_cd_ios_test.framework */,
				C51108CE864C9E64EEF4AF90 /* Pods_ci_cd_ios_test_ci_cd_ios_testUITests.framework */,
				E6C13CCDB31609AF5DF40C0B /* Pods_ci_cd_ios_testTests.framework */,
			);
			name = Frameworks;
			sourceTree = "<group>";
		};
/* End PBXGroup section */

/* Begin PBXNativeTarget section */
		1997A8382913C2A5004CB986 /* ci-cd-ios-test */ = {
			isa = PBXNativeTarget;
			buildConfigurationList = 1997A8632913C2A7004CB986 /* Build configuration list for PBXNativeTarget "ci-cd-ios-test" */;
			buildPhases = (
				EA6FC9BDCB2EEB193008B1CE /* [CP] Check Pods Manifest.lock */,
				1997A8352913C2A5004CB986 /* Sources */,
				1997A8362913C2A5004CB986 /* Frameworks */,
				1997A8372913C2A5004CB986 /* Resources */,
			);
			buildRules = (
			);
			dependencies = (
			);
			name = "ci-cd-ios-test";
			productName = "ci-cd-ios-test";
			productReference = 1997A8392913C2A5004CB986 /* ci-cd-ios-test.app */;
			productType = "com.apple.product-type.application";
		};
		1997A84E2913C2A7004CB986 /* ci-cd-ios-testTests */ = {
			isa = PBXNativeTarget;
			buildConfigurationList = 1997A8662913C2A7004CB986 /* Build configuration list for PBXNativeTarget "ci-cd-ios-testTests" */;
			buildPhases = (
				8FAF691E30E8E21BFD317A9E /* [CP] Check Pods Manifest.lock */,
				1997A84B2913C2A7004CB986 /* Sources */,
				1997A84C2913C2A7004CB986 /* Frameworks */,
				1997A84D2913C2A7004CB986 /* Resources */,
			);
			buildRules = (
			);
			dependencies = (
				1997A8512913C2A7004CB986 /* PBXTargetDependency */,
			);
			name = "ci-cd-ios-testTests";
			productName = "ci-cd-ios-testTests";
			productReference = 1997A84F2913C2A7004CB986 /* ci-cd-ios-testTests.xctest */;
			productType = "com.apple.product-type.bundle.unit-test";
		};
		1997A8582913C2A7004CB986 /* ci-cd-ios-testUITests */ = {
			isa = PBXNativeTarget;
			buildConfigurationList = 1997A8692913C2A7004CB986 /* Build configuration list for PBXNativeTarget "ci-cd-ios-testUITests" */;
			buildPhases = (
				2D0854EA36E0564D6D5A43E5 /* [CP] Check Pods Manifest.lock */,
				1997A8552913C2A7004CB986 /* Sources */,
				1997A8562913C2A7004CB986 /* Frameworks */,
				1997A8572913C2A7004CB986 /* Resources */,
			);
			buildRules = (
			);
			dependencies = (
				1997A85B2913C2A7004CB986 /* PBXTargetDependency */,
			);
			name = "ci-cd-ios-testUITests";
			productName = "ci-cd-ios-testUITests";
			productReference = 1997A8592913C2A7004CB986 /* ci-cd-ios-testUITests.xctest */;
			productType = "com.apple.product-type.bundle.ui-testing";
		};
/* End PBXNativeTarget section */

/* Begin PBXProject section */
		1997A8312913C2A5004CB986 /* Project object */ = {
			isa = PBXProject;
			attributes = {
				BuildIndependentTargetsInParallel = 1;
				LastSwiftUpdateCheck = 1400;
				LastUpgradeCheck = 1400;
				TargetAttributes = {
					1997A8382913C2A5004CB986 = {
						CreatedOnToolsVersion = 14.0.1;
					};
					1997A84E2913C2A7004CB986 = {
						CreatedOnToolsVersion = 14.0.1;
						TestTargetID = 1997A8382913C2A5004CB986;
					};
					1997A8582913C2A7004CB986 = {
						CreatedOnToolsVersion = 14.0.1;
						TestTargetID = 1997A8382913C2A5004CB986;
					};
				};
			};
			buildConfigurationList = 1997A8342913C2A5004CB986 /* Build configuration list for PBXProject "ci-cd-ios-test" */;
			compatibilityVersion = "Xcode 14.0";
			developmentRegion = en;
			hasScannedForEncodings = 0;
			knownRegions = (
				en,
				Base,
			);
			mainGroup = 1997A8302913C2A5004CB986;
			productRefGroup = 1997A83A2913C2A5004CB986 /* Products */;
			projectDirPath = "";
			projectRoot = "";
			targets = (
				1997A8382913C2A5004CB986 /* ci-cd-ios-test */,
				1997A84E2913C2A7004CB986 /* ci-cd-ios-testTests */,
				1997A8582913C2A7004CB986 /* ci-cd-ios-testUITests */,
			);
		};
/* End PBXProject section */

/* Begin PBXResourcesBuildPhase section */
		1997A8372913C2A5004CB986 /* Resources */ = {
			isa = PBXResourcesBuildPhase;
			buildActionMask = 2147483647;
			files = (
				1997A8492913C2A7004CB986 /* LaunchScreen.storyboard in Resources */,
				1997A8462913C2A7004CB986 /* Assets.xcassets in Resources */,
				1997A8442913C2A5004CB986 /* Main.storyboard in Resources */,
			);
			runOnlyForDeploymentPostprocessing = 0;
		};
		1997A84D2913C2A7004CB986 /* Resources */ = {
			isa = PBXResourcesBuildPhase;
			buildActionMask = 2147483647;
			files = (
			);
			runOnlyForDeploymentPostprocessing = 0;
		};
		1997A8572913C2A7004CB986 /* Resources */ = {
			isa = PBXResourcesBuildPhase;
			buildActionMask = 2147483647;
			files = (
			);
			runOnlyForDeploymentPostprocessing = 0;
		};
/* End PBXResourcesBuildPhase section */

/* Begin PBXShellScriptBuildPhase section */
		2D0854EA36E0564D6D5A43E5 /* [CP] Check Pods Manifest.lock */ = {
			isa = PBXShellScriptBuildPhase;
			buildActionMask = 2147483647;
			files = (
			);
			inputFileListPaths = (
			);
			inputPaths = (
				"${PODS_PODFILE_DIR_PATH}/Podfile.lock",
				"${PODS_ROOT}/Manifest.lock",
			);
			name = "[CP] Check Pods Manifest.lock";
			outputFileListPaths = (
			);
			outputPaths = (
				"$(DERIVED_FILE_DIR)/Pods-ci-cd-ios-test-ci-cd-ios-testUITests-checkManifestLockResult.txt",
			);
			runOnlyForDeploymentPostprocessing = 0;
			shellPath = /bin/sh;
			shellScript = "diff \"${PODS_PODFILE_DIR_PATH}/Podfile.lock\" \"${PODS_ROOT}/Manifest.lock\" > /dev/null\nif [ $? != 0 ] ; then\n    # print error to STDERR\n    echo \"error: The sandbox is not in sync with the Podfile.lock. Run 'pod install' or update your CocoaPods installation.\" >&2\n    exit 1\nfi\n# This output is used by Xcode 'outputs' to avoid re-running this script phase.\necho \"SUCCESS\" > \"${SCRIPT_OUTPUT_FILE_0}\"\n";
			showEnvVarsInLog = 0;
		};
		8FAF691E30E8E21BFD317A9E /* [CP] Check Pods Manifest.lock */ = {
			isa = PBXShellScriptBuildPhase;
			buildActionMask = 2147483647;
			files = (
			);
			inputFileListPaths = (
			);
			inputPaths = (
				"${PODS_PODFILE_DIR_PATH}/Podfile.lock",
				"${PODS_ROOT}/Manifest.lock",
			);
			name = "[CP] Check Pods Manifest.lock";
			outputFileListPaths = (
			);
			outputPaths = (
				"$(DERIVED_FILE_DIR)/Pods-ci-cd-ios-testTests-checkManifestLockResult.txt",
			);
			runOnlyForDeploymentPostprocessing = 0;
			shellPath = /bin/sh;
			shellScript = "diff \"${PODS_PODFILE_DIR_PATH}/Podfile.lock\" \"${PODS_ROOT}/Manifest.lock\" > /dev/null\nif [ $? != 0 ] ; then\n    # print error to STDERR\n    echo \"error: The sandbox is not in sync with the Podfile.lock. Run 'pod install' or update your CocoaPods installation.\" >&2\n    exit 1\nfi\n# This output is used by Xcode 'outputs' to avoid re-running this script phase.\necho \"SUCCESS\" > \"${SCRIPT_OUTPUT_FILE_0}\"\n";
			showEnvVarsInLog = 0;
		};
		EA6FC9BDCB2EEB193008B1CE /* [CP] Check Pods Manifest.lock */ = {
			isa = PBXShellScriptBuildPhase;
			buildActionMask = 2147483647;
			files = (
			);
			inputFileListPaths = (
			);
			inputPaths = (
				"${PODS_PODFILE_DIR_PATH}/Podfile.lock",
				"${PODS_ROOT}/Manifest.lock",
			);
			name = "[CP] Check Pods Manifest.lock";
			outputFileListPaths = (
			);
			outputPaths = (
				"$(DERIVED_FILE_DIR)/Pods-ci-cd-ios-test-checkManifestLockResult.txt",
			);
			runOnlyForDeploymentPostprocessing = 0;
			shellPath = /bin/sh;
			shellScript = "diff \"${PODS_PODFILE_DIR_PATH}/Podfile.lock\" \"${PODS_ROOT}/Manifest.lock\" > /dev/null\nif [ $? != 0 ] ; then\n    # print error to STDERR\n    echo \"error: The sandbox is not in sync with the Podfile.lock. Run 'pod install' or update your CocoaPods installation.\" >&2\n    exit 1\nfi\n# This output is used by Xcode 'outputs' to avoid re-running this script phase.\necho \"SUCCESS\" > \"${SCRIPT_OUTPUT_FILE_0}\"\n";
			showEnvVarsInLog = 0;
		};
/* End PBXShellScriptBuildPhase section */

/* Begin PBXSourcesBuildPhase section */
		1997A8352913C2A5004CB986 /* Sources */ = {
			isa = PBXSourcesBuildPhase;
			buildActionMask = 2147483647;
			files = (
				1997A8412913C2A5004CB986 /* ViewController.swift in Sources */,
				1997A83D2913C2A5004CB986 /* AppDelegate.swift in Sources */,
				1997A83F2913C2A5004CB986 /* SceneDelegate.swift in Sources */,
			);
			runOnlyForDeploymentPostprocessing = 0;
		};
		1997A84B2913C2A7004CB986 /* Sources */ = {
			isa = PBXSourcesBuildPhase;
			buildActionMask = 2147483647;
			files = (
				1997A8542913C2A7004CB986 /* ci_cd_ios_testTests.swift in Sources */,
			);
			runOnlyForDeploymentPostprocessing = 0;
		};
		1997A8552913C2A7004CB986 /* Sources */ = {
			isa = PBXSourcesBuildPhase;
			buildActionMask = 2147483647;
			files = (
				1997A85E2913C2A7004CB986 /* ci_cd_ios_testUITests.swift in Sources */,
				1997A8602913C2A7004CB986 /* ci_cd_ios_testUITestsLaunchTests.swift in Sources */,
			);
			runOnlyForDeploymentPostprocessing = 0;
		};
/* End PBXSourcesBuildPhase section */

/* Begin PBXTargetDependency section */
		1997A8512913C2A7004CB986 /* PBXTargetDependency */ = {
			isa = PBXTargetDependency;
			target = 1997A8382913C2A5004CB986 /* ci-cd-ios-test */;
			targetProxy = 1997A8502913C2A7004CB986 /* PBXContainerItemProxy */;
		};
		1997A85B2913C2A7004CB986 /* PBXTargetDependency */ = {
			isa = PBXTargetDependency;
			target = 1997A8382913C2A5004CB986 /* ci-cd-ios-test */;
			targetProxy = 1997A85A2913C2A7004CB986 /* PBXContainerItemProxy */;
		};
/* End PBXTargetDependency section */

/* Begin PBXVariantGroup section */
		1997A8422913C2A5004CB986 /* Main.storyboard */ = {
			isa = PBXVariantGroup;
			children = (
				1997A8432913C2A5004CB986 /* Base */,
			);
			name = Main.storyboard;
			sourceTree = "<group>";
		};
		1997A8472913C2A7004CB986 /* LaunchScreen.storyboard */ = {
			isa = PBXVariantGroup;
			children = (
				1997A8482913C2A7004CB986 /* Base */,
			);
			name = LaunchScreen.storyboard;
			sourceTree = "<group>";
		};
/* End PBXVariantGroup section */

/* Begin XCBuildConfiguration section */
		1997A8612913C2A7004CB986 /* Debug */ = {
			isa = XCBuildConfiguration;
			buildSettings = {
				ALWAYS_SEARCH_USER_PATHS = NO;
				CLANG_ANALYZER_NONNULL = YES;
				CLANG_ANALYZER_NUMBER_OBJECT_CONVERSION = YES_AGGRESSIVE;
				CLANG_CXX_LANGUAGE_STANDARD = "gnu++20";
				CLANG_ENABLE_MODULES = YES;
				CLANG_ENABLE_OBJC_ARC = YES;
				CLANG_ENABLE_OBJC_WEAK = YES;
				CLANG_WARN_BLOCK_CAPTURE_AUTORELEASING = YES;
				CLANG_WARN_BOOL_CONVERSION = YES;
				CLANG_WARN_COMMA = YES;
				CLANG_WARN_CONSTANT_CONVERSION = YES;
				CLANG_WARN_DEPRECATED_OBJC_IMPLEMENTATIONS = YES;
				CLANG_WARN_DIRECT_OBJC_ISA_USAGE = YES_ERROR;
				CLANG_WARN_DOCUMENTATION_COMMENTS = YES;
				CLANG_WARN_EMPTY_BODY = YES;
				CLANG_WARN_ENUM_CONVERSION = YES;
				CLANG_WARN_INFINITE_RECURSION = YES;
				CLANG_WARN_INT_CONVERSION = YES;
				CLANG_WARN_NON_LITERAL_NULL_CONVERSION = YES;
				CLANG_WARN_OBJC_IMPLICIT_RETAIN_SELF = YES;
				CLANG_WARN_OBJC_LITERAL_CONVERSION = YES;
				CLANG_WARN_OBJC_ROOT_CLASS = YES_ERROR;
				CLANG_WARN_QUOTED_INCLUDE_IN_FRAMEWORK_HEADER = YES;
				CLANG_WARN_RANGE_LOOP_ANALYSIS = YES;
				CLANG_WARN_STRICT_PROTOTYPES = YES;
				CLANG_WARN_SUSPICIOUS_MOVE = YES;
				CLANG_WARN_UNGUARDED_AVAILABILITY = YES_AGGRESSIVE;
				CLANG_WARN_UNREACHABLE_CODE = YES;
				CLANG_WARN__DUPLICATE_METHOD_MATCH = YES;
				COPY_PHASE_STRIP = NO;
				DEBUG_INFORMATION_FORMAT = dwarf;
				ENABLE_STRICT_OBJC_MSGSEND = YES;
				ENABLE_TESTABILITY = YES;
				GCC_C_LANGUAGE_STANDARD = gnu11;
				GCC_DYNAMIC_NO_PIC = NO;
				GCC_NO_COMMON_BLOCKS = YES;
				GCC_OPTIMIZATION_LEVEL = 0;
				GCC_PREPROCESSOR_DEFINITIONS = (
					"DEBUG=1",
					"$(inherited)",
				);
				GCC_WARN_64_TO_32_BIT_CONVERSION = YES;
				GCC_WARN_ABOUT_RETURN_TYPE = YES_ERROR;
				GCC_WARN_UNDECLARED_SELECTOR = YES;
				GCC_WARN_UNINITIALIZED_AUTOS = YES_AGGRESSIVE;
				GCC_WARN_UNUSED_FUNCTION = YES;
				GCC_WARN_UNUSED_VARIABLE = YES;
				IPHONEOS_DEPLOYMENT_TARGET = 16.0;
				MTL_ENABLE_DEBUG_INFO = INCLUDE_SOURCE;
				MTL_FAST_MATH = YES;
				ONLY_ACTIVE_ARCH = YES;
				SDKROOT = iphoneos;
				SWIFT_ACTIVE_COMPILATION_CONDITIONS = DEBUG;
				SWIFT_OPTIMIZATION_LEVEL = "-Onone";
			};
			name = Debug;
		};
		1997A8622913C2A7004CB986 /* Release */ = {
			isa = XCBuildConfiguration;
			buildSettings = {
				ALWAYS_SEARCH_USER_PATHS = NO;
				CLANG_ANALYZER_NONNULL = YES;
				CLANG_ANALYZER_NUMBER_OBJECT_CONVERSION = YES_AGGRESSIVE;
				CLANG_CXX_LANGUAGE_STANDARD = "gnu++20";
				CLANG_ENABLE_MODULES = YES;
				CLANG_ENABLE_OBJC_ARC = YES;
				CLANG_ENABLE_OBJC_WEAK = YES;
				CLANG_WARN_BLOCK_CAPTURE_AUTORELEASING = YES;
				CLANG_WARN_BOOL_CONVERSION = YES;
				CLANG_WARN_COMMA = YES;
				CLANG_WARN_CONSTANT_CONVERSION = YES;
				CLANG_WARN_DEPRECATED_OBJC_IMPLEMENTATIONS = YES;
				CLANG_WARN_DIRECT_OBJC_ISA_USAGE = YES_ERROR;
				CLANG_WARN_DOCUMENTATION_COMMENTS = YES;
				CLANG_WARN_EMPTY_BODY = YES;
				CLANG_WARN_ENUM_CONVERSION = YES;
				CLANG_WARN_INFINITE_RECURSION = YES;
				CLANG_WARN_INT_CONVERSION = YES;
				CLANG_WARN_NON_LITERAL_NULL_CONVERSION = YES;
				CLANG_WARN_OBJC_IMPLICIT_RETAIN_SELF = YES;
				CLANG_WARN_OBJC_LITERAL_CONVERSION = YES;
				CLANG_WARN_OBJC_ROOT_CLASS = YES_ERROR;
				CLANG_WARN_QUOTED_INCLUDE_IN_FRAMEWORK_HEADER = YES;
				CLANG_WARN_RANGE_LOOP_ANALYSIS = YES;
				CLANG_WARN_STRICT_PROTOTYPES = YES;
				CLANG_WARN_SUSPICIOUS_MOVE = YES;
				CLANG_WARN_UNGUARDED_AVAILABILITY = YES_AGGRESSIVE;
				CLANG_WARN_UNREACHABLE_CODE = YES;
				CLANG_WARN__DUPLICATE_METHOD_MATCH = YES;
				COPY_PHASE_STRIP = NO;
				DEBUG_INFORMATION_FORMAT = "dwarf-with-dsym";
				ENABLE_NS_ASSERTIONS = NO;
				ENABLE_STRICT_OBJC_MSGSEND = YES;
				GCC_C_LANGUAGE_STANDARD = gnu11;
				GCC_NO_COMMON_BLOCKS = YES;
				GCC_WARN_64_TO_32_BIT_CONVERSION = YES;
				GCC_WARN_ABOUT_RETURN_TYPE = YES_ERROR;
				GCC_WARN_UNDECLARED_SELECTOR = YES;
				GCC_WARN_UNINITIALIZED_AUTOS = YES_AGGRESSIVE;
				GCC_WARN_UNUSED_FUNCTION = YES;
				GCC_WARN_UNUSED_VARIABLE = YES;
				IPHONEOS_DEPLOYMENT_TARGET = 16.0;
				MTL_ENABLE_DEBUG_INFO = NO;
				MTL_FAST_MATH = YES;
				SDKROOT = iphoneos;
				SWIFT_COMPILATION_MODE = wholemodule;
				SWIFT_OPTIMIZATION_LEVEL = "-O";
				VALIDATE_PRODUCT = YES;
			};
			name = Release;
		};
		1997A8642913C2A7004CB986 /* Debug */ = {
			isa = XCBuildConfiguration;
			baseConfigurationReference = 97A50E866865908775608643 /* Pods-ci-cd-ios-test.debug.xcconfig */;
			buildSettings = {
				ASSETCATALOG_COMPILER_APPICON_NAME = AppIcon;
				ASSETCATALOG_COMPILER_GLOBAL_ACCENT_COLOR_NAME = AccentColor;
				CODE_SIGN_STYLE = Automatic;
				CURRENT_PROJECT_VERSION = 1;
				DEVELOPMENT_TEAM = 2DQV4CFN7G;
				GENERATE_INFOPLIST_FILE = YES;
				INFOPLIST_FILE = "ci-cd-ios-test/Info.plist";
				INFOPLIST_KEY_UIApplicationSupportsIndirectInputEvents = YES;
				INFOPLIST_KEY_UILaunchStoryboardName = LaunchScreen;
				INFOPLIST_KEY_UIMainStoryboardFile = Main;
				INFOPLIST_KEY_UISupportedInterfaceOrientations_iPad = "UIInterfaceOrientationPortrait UIInterfaceOrientationPortraitUpsideDown UIInterfaceOrientationLandscapeLeft UIInterfaceOrientationLandscapeRight";
				INFOPLIST_KEY_UISupportedInterfaceOrientations_iPhone = "UIInterfaceOrientationPortrait UIInterfaceOrientationLandscapeLeft UIInterfaceOrientationLandscapeRight";
				LD_RUNPATH_SEARCH_PATHS = (
					"$(inherited)",
					"@executable_path/Frameworks",
				);
				MARKETING_VERSION = 1.0;
				PRODUCT_BUNDLE_IDENTIFIER = "usamaeltmsah.ci-cd-ios-test";
				PRODUCT_NAME = "$(TARGET_NAME)";
				SWIFT_EMIT_LOC_STRINGS = YES;
				SWIFT_VERSION = 5.0;
				TARGETED_DEVICE_FAMILY = "1,2";
			};
			name = Debug;
		};
		1997A8652913C2A7004CB986 /* Release */ = {
			isa = XCBuildConfiguration;
			baseConfigurationReference = ACBA418E8D024619AE41052A /* Pods-ci-cd-ios-test.release.xcconfig */;
			buildSettings = {
				ASSETCATALOG_COMPILER_APPICON_NAME = AppIcon;
				ASSETCATALOG_COMPILER_GLOBAL_ACCENT_COLOR_NAME = AccentColor;
				CODE_SIGN_STYLE = Automatic;
				CURRENT_PROJECT_VERSION = 1;
				DEVELOPMENT_TEAM = 2DQV4CFN7G;
				GENERATE_INFOPLIST_FILE = YES;
				INFOPLIST_FILE = "ci-cd-ios-test/Info.plist";
				INFOPLIST_KEY_UIApplicationSupportsIndirectInputEvents = YES;
				INFOPLIST_KEY_UILaunchStoryboardName = LaunchScreen;
				INFOPLIST_KEY_UIMainStoryboardFile = Main;
				INFOPLIST_KEY_UISupportedInterfaceOrientations_iPad = "UIInterfaceOrientationPortrait UIInterfaceOrientationPortraitUpsideDown UIInterfaceOrientationLandscapeLeft UIInterfaceOrientationLandscapeRight";
				INFOPLIST_KEY_UISupportedInterfaceOrientations_iPhone = "UIInterfaceOrientationPortrait UIInterfaceOrientationLandscapeLeft UIInterfaceOrientationLandscapeRight";
				LD_RUNPATH_SEARCH_PATHS = (
					"$(inherited)",
					"@executable_path/Frameworks",
				);
				MARKETING_VERSION = 1.0;
				PRODUCT_BUNDLE_IDENTIFIER = "usamaeltmsah.ci-cd-ios-test";
				PRODUCT_NAME = "$(TARGET_NAME)";
				SWIFT_EMIT_LOC_STRINGS = YES;
				SWIFT_VERSION = 5.0;
				TARGETED_DEVICE_FAMILY = "1,2";
			};
			name = Release;
		};
		1997A8672913C2A7004CB986 /* Debug */ = {
			isa = XCBuildConfiguration;
			baseConfigurationReference = BC0F1612AEE7F39893D3EE4E /* Pods-ci-cd-ios-testTests.debug.xcconfig */;
			buildSettings = {
				ALWAYS_EMBED_SWIFT_STANDARD_LIBRARIES = YES;
				BUNDLE_LOADER = "$(TEST_HOST)";
				CODE_SIGN_STYLE = Automatic;
				CURRENT_PROJECT_VERSION = 1;
				DEVELOPMENT_TEAM = 2DQV4CFN7G;
				GENERATE_INFOPLIST_FILE = YES;
				IPHONEOS_DEPLOYMENT_TARGET = 16.0;
				MARKETING_VERSION = 1.0;
				PRODUCT_BUNDLE_IDENTIFIER = "usamaeltmsah.ci-cd-ios-testTests";
				PRODUCT_NAME = "$(TARGET_NAME)";
				SWIFT_EMIT_LOC_STRINGS = NO;
				SWIFT_VERSION = 5.0;
				TARGETED_DEVICE_FAMILY = "1,2";
				TEST_HOST = "$(BUILT_PRODUCTS_DIR)/ci-cd-ios-test.app/$(BUNDLE_EXECUTABLE_FOLDER_PATH)/ci-cd-ios-test";
			};
			name = Debug;
		};
		1997A8682913C2A7004CB986 /* Release */ = {
			isa = XCBuildConfiguration;
			baseConfigurationReference = C568F9F26218BDC7F766FAEB /* Pods-ci-cd-ios-testTests.release.xcconfig */;
			buildSettings = {
				ALWAYS_EMBED_SWIFT_STANDARD_LIBRARIES = YES;
				BUNDLE_LOADER = "$(TEST_HOST)";
				CODE_SIGN_STYLE = Automatic;
				CURRENT_PROJECT_VERSION = 1;
				DEVELOPMENT_TEAM = 2DQV4CFN7G;
				GENERATE_INFOPLIST_FILE = YES;
				IPHONEOS_DEPLOYMENT_TARGET = 16.0;
				MARKETING_VERSION = 1.0;
				PRODUCT_BUNDLE_IDENTIFIER = "usamaeltmsah.ci-cd-ios-testTests";
				PRODUCT_NAME = "$(TARGET_NAME)";
				SWIFT_EMIT_LOC_STRINGS = NO;
				SWIFT_VERSION = 5.0;
				TARGETED_DEVICE_FAMILY = "1,2";
				TEST_HOST = "$(BUILT_PRODUCTS_DIR)/ci-cd-ios-test.app/$(BUNDLE_EXECUTABLE_FOLDER_PATH)/ci-cd-ios-test";
			};
			name = Release;
		};
		1997A86A2913C2A7004CB986 /* Debug */ = {
			isa = XCBuildConfiguration;
			baseConfigurationReference = 2A858BA8CA42EA7614D9CB3D /* Pods-ci-cd-ios-test-ci-cd-ios-testUITests.debug.xcconfig */;
			buildSettings = {
				ALWAYS_EMBED_SWIFT_STANDARD_LIBRARIES = YES;
				CODE_SIGN_STYLE = Automatic;
				CURRENT_PROJECT_VERSION = 1;
				DEVELOPMENT_TEAM = 2DQV4CFN7G;
				GENERATE_INFOPLIST_FILE = YES;
				MARKETING_VERSION = 1.0;
				PRODUCT_BUNDLE_IDENTIFIER = "usamaeltmsah.ci-cd-ios-testUITests";
				PRODUCT_NAME = "$(TARGET_NAME)";
				SWIFT_EMIT_LOC_STRINGS = NO;
				SWIFT_VERSION = 5.0;
				TARGETED_DEVICE_FAMILY = "1,2";
				TEST_TARGET_NAME = "ci-cd-ios-test";
			};
			name = Debug;
		};
		1997A86B2913C2A7004CB986 /* Release */ = {
			isa = XCBuildConfiguration;
			baseConfigurationReference = 3635F748356700BFC2AC15EE /* Pods-ci-cd-ios-test-ci-cd-ios-testUITests.release.xcconfig */;
			buildSettings = {
				ALWAYS_EMBED_SWIFT_STANDARD_LIBRARIES = YES;
				CODE_SIGN_STYLE = Automatic;
				CURRENT_PROJECT_VERSION = 1;
				DEVELOPMENT_TEAM = 2DQV4CFN7G;
				GENERATE_INFOPLIST_FILE = YES;
				MARKETING_VERSION = 1.0;
				PRODUCT_BUNDLE_IDENTIFIER = "usamaeltmsah.ci-cd-ios-testUITests";
				PRODUCT_NAME = "$(TARGET_NAME)";
				SWIFT_EMIT_LOC_STRINGS = NO;
				SWIFT_VERSION = 5.0;
				TARGETED_DEVICE_FAMILY = "1,2";
				TEST_TARGET_NAME = "ci-cd-ios-test";
			};
			name = Release;
		};
/* End XCBuildConfiguration section */

/* Begin XCConfigurationList section */
		1997A8342913C2A5004CB986 /* Build configuration list for PBXProject "ci-cd-ios-test" */ = {
			isa = XCConfigurationList;
			buildConfigurations = (
				1997A8612913C2A7004CB986 /* Debug */,
				1997A8622913C2A7004CB986 /* Release */,
			);
			defaultConfigurationIsVisible = 0;
			defaultConfigurationName = Release;
		};
		1997A8632913C2A7004CB986 /* Build configuration list for PBXNativeTarget "ci-cd-ios-test" */ = {
			isa = XCConfigurationList;
			buildConfigurations = (
				1997A8642913C2A7004CB986 /* Debug */,
				1997A8652913C2A7004CB986 /* Release */,
			);
			defaultConfigurationIsVisible = 0;
			defaultConfigurationName = Release;
		};
		1997A8662913C2A7004CB986 /* Build configuration list for PBXNativeTarget "ci-cd-ios-testTests" */ = {
			isa = XCConfigurationList;
			buildConfigurations = (
				1997A8672913C2A7004CB986 /* Debug */,
				1997A8682913C2A7004CB986 /* Release */,
			);
			defaultConfigurationIsVisible = 0;
			defaultConfigurationName = Release;
		};
		1997A8692913C2A7004CB986 /* Build configuration list for PBXNativeTarget "ci-cd-ios-testUITests" */ = {
			isa = XCConfigurationList;
			buildConfigurations = (
				1997A86A2913C2A7004CB986 /* Debug */,
				1997A86B2913C2A7004CB986 /* Release */,
			);
			defaultConfigurationIsVisible = 0;
			defaultConfigurationName = Release;
		};
/* End XCConfigurationList section */
	};
	rootObject = 1997A8312913C2A5004CB986 /* Project object */;
}
